
Microsoft Visual Studio Solution File, Format Version 12.00
# Visual Studio Version 16
VisualStudioVersion = 16.0.31019.35
MinimumVisualStudioVersion = 10.0.40219.1
Project("{8BC9CEB8-8B4A-11D0-8D11-00A0C91BC942}") = "PEA2", "PEA2\PEA2.vcxproj", "{FAC2FCE3-CCA9-40DD-A23E-43738AE2036F}"
EndProject
Global
	GlobalSection(SolutionConfigurationPlatforms) = preSolution
		Debug|x64 = Debug|x64
		Debug|x86 = Debug|x86
		Release|x64 = Release|x64
		Release|x86 = Release|x86
	EndGlobalSection
	GlobalSection(ProjectConfigurationPlatforms) = postSolution
		{FAC2FCE3-CCA9-40DD-A23E-43738AE2036F}.Debug|x64.ActiveCfg = Debug|x64
		{FAC2FCE3-CCA9-40DD-A23E-43738AE2036F}.Debug|x64.Build.0 = Debug|x64
		{FAC2FCE3-CCA9-40DD-A23E-43738AE2036F}.Debug|x86.ActiveCfg = Debug|Win32
		{FAC2FCE3-CCA9-40DD-A23E-43738AE2036F}.Debug|x86.Build.0 = Debug|Win32
		{FAC2FCE3-CCA9-40DD-A23E-43738AE2036F}.Release|x64.ActiveCfg = Release|x64
		{FAC2FCE3-CCA9-40DD-A23E-43738AE2036F}.Release|x64.Build.0 = Release|x64
		{FAC2FCE3-CCA9-40DD-A23E-43738AE2036F}.Release|x86.ActiveCfg = Release|Win32
		{FAC2FCE3-CCA9-40DD-A23E-43738AE2036F}.Release|x86.Build.0 = Release|Win32
	EndGlobalSection
	GlobalSection(SolutionProperties) = preSolution
		HideSolutionNode = FALSE
	EndGlobalSection
	GlobalSection(ExtensibilityGlobals) = postSolution
		SolutionGuid = {F76A890F-0339-494D-92C2-E7D6ED2CC40C}
	EndGlobalSection
EndGlobal
